
Microsoft Visual Studio Solution File, Format Version 12.00
# Visual Studio Version 17
VisualStudioVersion = 17.7.34031.279
MinimumVisualStudioVersion = 10.0.40219.1
Project("{9A19103F-16F7-4668-BE54-9A1E7A4F7556}") = "Identity.WebAPI", "Identity.WebAPI\Identity.WebAPI.csproj", "{0EDEF2F9-9B97-4854-98AD-2897AD5168FF}"
EndProject
Project("{9A19103F-16F7-4668-BE54-9A1E7A4F7556}") = "Identity.Infrastructure", "Identity.Infrastructure\Identity.Infrastructure.csproj", "{EA805738-B2A6-491A-9244-3BA9EEA3461E}"
EndProject
Project("{9A19103F-16F7-4668-BE54-9A1E7A4F7556}") = "Identity.Application", "Identity.Application\Identity.Application.csproj", "{37D47FCA-C7D5-47AC-B97C-9A256FBE5D60}"
EndProject
Project("{FAE04EC0-301F-11D3-BF4B-00C04F79EFBC}") = "Identity.Domain", "Identity.Domain\Identity.Domain.csproj", "{26198D91-56E7-46BC-93EE-AC68A068313C}"
EndProject
Global
	GlobalSection(SolutionConfigurationPlatforms) = preSolution
		Debug|Any CPU = Debug|Any CPU
		Release|Any CPU = Release|Any CPU
	EndGlobalSection
	GlobalSection(ProjectConfigurationPlatforms) = postSolution
		{0EDEF2F9-9B97-4854-98AD-2897AD5168FF}.Debug|Any CPU.ActiveCfg = Debug|Any CPU
		{0EDEF2F9-9B97-4854-98AD-2897AD5168FF}.Debug|Any CPU.Build.0 = Debug|Any CPU
		{0EDEF2F9-9B97-4854-98AD-2897AD5168FF}.Release|Any CPU.ActiveCfg = Release|Any CPU
		{0EDEF2F9-9B97-4854-98AD-2897AD5168FF}.Release|Any CPU.Build.0 = Release|Any CPU
		{EA805738-B2A6-491A-9244-3BA9EEA3461E}.Debug|Any CPU.ActiveCfg = Debug|Any CPU
		{EA805738-B2A6-491A-9244-3BA9EEA3461E}.Debug|Any CPU.Build.0 = Debug|Any CPU
		{EA805738-B2A6-491A-9244-3BA9EEA3461E}.Release|Any CPU.ActiveCfg = Release|Any CPU
		{EA805738-B2A6-491A-9244-3BA9EEA3461E}.Release|Any CPU.Build.0 = Release|Any CPU
		{37D47FCA-C7D5-47AC-B97C-9A256FBE5D60}.Debug|Any CPU.ActiveCfg = Debug|Any CPU
		{37D47FCA-C7D5-47AC-B97C-9A256FBE5D60}.Debug|Any CPU.Build.0 = Debug|Any CPU
		{37D47FCA-C7D5-47AC-B97C-9A256FBE5D60}.Release|Any CPU.ActiveCfg = Release|Any CPU
		{37D47FCA-C7D5-47AC-B97C-9A256FBE5D60}.Release|Any CPU.Build.0 = Release|Any CPU
		{26198D91-56E7-46BC-93EE-AC68A068313C}.Debug|Any CPU.ActiveCfg = Debug|Any CPU
		{26198D91-56E7-46BC-93EE-AC68A068313C}.Debug|Any CPU.Build.0 = Debug|Any CPU
		{26198D91-56E7-46BC-93EE-AC68A068313C}.Release|Any CPU.ActiveCfg = Release|Any CPU
		{26198D91-56E7-46BC-93EE-AC68A068313C}.Release|Any CPU.Build.0 = Release|Any CPU
	EndGlobalSection
	GlobalSection(SolutionProperties) = preSolution
		HideSolutionNode = FALSE
	EndGlobalSection
	GlobalSection(ExtensibilityGlobals) = postSolution
		SolutionGuid = {2934A403-CE77-449E-9EC4-FF2B3017B6D0}
	EndGlobalSection
EndGlobal
